// !$*UTF8*$!
{
	archiveVersion = 1;
	classes = {
	};
	objectVersion = 50;
	objects = {

/* Begin PBXBuildFile section */
		971D13DD242DE2B800C676F3 /* AppDelegate.swift in Sources */ = {isa = PBXBuildFile; fileRef = 971D13DC242DE2B800C676F3 /* AppDelegate.swift */; };
		971D13DF242DE2B800C676F3 /* SceneDelegate.swift in Sources */ = {isa = PBXBuildFile; fileRef = 971D13DE242DE2B800C676F3 /* SceneDelegate.swift */; };
		971D13E1242DE2B800C676F3 /* ViewController.swift in Sources */ = {isa = PBXBuildFile; fileRef = 971D13E0242DE2B800C676F3 /* ViewController.swift */; };
		971D13E4242DE2B800C676F3 /* Main.storyboard in Resources */ = {isa = PBXBuildFile; fileRef = 971D13E2242DE2B800C676F3 /* Main.storyboard */; };
		971D13E6242DE2BA00C676F3 /* Assets.xcassets in Resources */ = {isa = PBXBuildFile; fileRef = 971D13E5242DE2BA00C676F3 /* Assets.xcassets */; };
		971D13E9242DE2BA00C676F3 /* LaunchScreen.storyboard in Resources */ = {isa = PBXBuildFile; fileRef = 971D13E7242DE2BA00C676F3 /* LaunchScreen.storyboard */; };
/* End PBXBuildFile section */

/* Begin PBXFileReference section */
		971D13D9242DE2B800C676F3 /* JSONapp.app */ = {isa = PBXFileReference; explicitFileType = wrapper.application; includeInIndex = 0; path = JSONapp.app; sourceTree = BUILT_PRODUCTS_DIR; };
		971D13DC242DE2B800C676F3 /* AppDelegate.swift */ = {isa = PBXFileReference; lastKnownFileType = sourcecode.swift; path = AppDelegate.swift; sourceTree = "<group>"; };
		971D13DE242DE2B800C676F3 /* SceneDelegate.swift */ = {isa = PBXFileReference; lastKnownFileType = sourcecode.swift; path = SceneDelegate.swift; sourceTree = "<group>"; };
		971D13E0242DE2B800C676F3 /* ViewController.swift */ = {isa = PBXFileReference; lastKnownFileType = sourcecode.swift; path = ViewController.swift; sourceTree = "<group>"; };
		971D13E3242DE2B800C676F3 /* Base */ = {isa = PBXFileReference; lastKnownFileType = file.storyboard; name = Base; path = Base.lproj/Main.storyboard; sourceTree = "<group>"; };
		971D13E5242DE2BA00C676F3 /* Assets.xcassets */ = {isa = PBXFileReference; lastKnownFileType = folder.assetcatalog; path = Assets.xcassets; sourceTree = "<group>"; };
		971D13E8242DE2BA00C676F3 /* Base */ = {isa = PBXFileReference; lastKnownFileType = file.storyboard; name = Base; path = Base.lproj/LaunchScreen.storyboard; sourceTree = "<group>"; };
		971D13EA242DE2BA00C676F3 /* Info.plist */ = {isa = PBXFileReference; lastKnownFileType = text.plist.xml; path = Info.plist; sourceTree = "<group>"; };
/* End PBXFileReference section */

/* Begin PBXFrameworksBuildPhase section */
		971D13D6242DE2B800C676F3 /* Frameworks */ = {
			isa = PBXFrameworksBuildPhase;
			buildActionMask = 2147483647;
			files = (
			);
			runOnlyForDeploymentPostprocessing = 0;
		};
/* End PBXFrameworksBuildPhase section */

/* Begin PBXGroup section */
		971D13D0242DE2B800C676F3 = {
			isa = PBXGroup;
			children = (
				971D13DB242DE2B800C676F3 /* JSONapp */,
				971D13DA242DE2B800C676F3 /* Products */,
			);
			sourceTree = "<group>";
		};
		971D13DA242DE2B800C676F3 /* Products */ = {
			isa = PBXGroup;
			children = (
				971D13D9242DE2B800C676F3 /* JSONapp.app */,
			);
			name = Products;
			sourceTree = "<group>";
		};
		971D13DB242DE2B800C676F3 /* JSONapp */ = {
			isa = PBXGroup;
			children = (
				971D13DC242DE2B800C676F3 /* AppDelegate.swift */,
				971D13DE242DE2B800C676F3 /* SceneDelegate.swift */,
				971D13E0242DE2B800C676F3 /* ViewController.swift */,
				971D13E2242DE2B800C676F3 /* Main.storyboard */,
				971D13E5242DE2BA00C676F3 /* Assets.xcassets */,
				971D13E7242DE2BA00C676F3 /* LaunchScreen.storyboard */,
				971D13EA242DE2BA00C676F3 /* Info.plist */,
			);
			path = JSONapp;
			sourceTree = "<group>";
		};
/* End PBXGroup section */

/* Begin PBXNativeTarget section */
		971D13D8242DE2B800C676F3 /* JSONapp */ = {
			isa = PBXNativeTarget;
			buildConfigurationList = 971D13ED242DE2BA00C676F3 /* Build configuration list for PBXNativeTarget "JSONapp" */;
			buildPhases = (
				971D13D5242DE2B800C676F3 /* Sources */,
				971D13D6242DE2B800C676F3 /* Frameworks */,
				971D13D7242DE2B800C676F3 /* Resources */,
			);
			buildRules = (
			);
			dependencies = (
			);
			name = JSONapp;
			productName = JSONapp;
			productReference = 971D13D9242DE2B800C676F3 /* JSONapp.app */;
			productType = "com.apple.product-type.application";
		};
/* End PBXNativeTarget section */

/* Begin PBXProject section */
		971D13D1242DE2B800C676F3 /* Project object */ = {
			isa = PBXProject;
			attributes = {
				LastSwiftUpdateCheck = 1130;
				LastUpgradeCheck = 1130;
				ORGANIZATIONNAME = "Mikhail Malyshev";
				TargetAttributes = {
					971D13D8242DE2B800C676F3 = {
						CreatedOnToolsVersion = 11.3.1;
					};
				};
			};
			buildConfigurationList = 971D13D4242DE2B800C676F3 /* Build configuration list for PBXProject "JSONapp" */;
			compatibilityVersion = "Xcode 9.3";
			developmentRegion = en;
			hasScannedForEncodings = 0;
			knownRegions = (
				en,
				Base,
			);
			mainGroup = 971D13D0242DE2B800C676F3;
			productRefGroup = 971D13DA242DE2B800C676F3 /* Products */;
			projectDirPath = "";
			projectRoot = "";
			targets = (
				971D13D8242DE2B800C676F3 /* JSONapp */,
			);
		};
/* End PBXProject section */

/* Begin PBXResourcesBuildPhase section */
		971D13D7242DE2B800C676F3 /* Resources */ = {
			isa = PBXResourcesBuildPhase;
			buildActionMask = 2147483647;
			files = (
				971D13E9242DE2BA00C676F3 /* LaunchScreen.storyboard in Resources */,
				971D13E6242DE2BA00C676F3 /* Assets.xcassets in Resources */,
				971D13E4242DE2B800C676F3 /* Main.storyboard in Resources */,
			);
			runOnlyForDeploymentPostprocessing = 0;
		};
/* End PBXResourcesBuildPhase section */

/* Begin PBXSourcesBuildPhase section */
		971D13D5242DE2B800C676F3 /* Sources */ = {
			isa = PBXSourcesBuildPhase;
			buildActionMask = 2147483647;
			files = (
				971D13E1242DE2B800C676F3 /* ViewController.swift in Sources */,
				971D13DD242DE2B800C676F3 /* AppDelegate.swift in Sources */,
				971D13DF242DE2B800C676F3 /* SceneDelegate.swift in Sources */,
			);
			runOnlyForDeploymentPostprocessing = 0;
		};
/* End PBXSourcesBuildPhase section */

/* Begin PBXVariantGroup section */
		971D13E2242DE2B800C676F3 /* Main.storyboard */ = {
			isa = PBXVariantGroup;
			children = (
				971D13E3242DE2B800C676F3 /* Base */,
			);
			name = Main.storyboard;
			sourceTree = "<group>";
		};
		971D13E7242DE2BA00C676F3 /* LaunchScreen.storyboard */ = {
			isa = PBXVariantGroup;
			children = (
				971D13E8242DE2BA00C676F3 /* Base */,
			);
			name = LaunchScreen.storyboard;
			sourceTree = "<group>";
		};
/* End PBXVariantGroup section */

/* Begin XCBuildConfiguration section */
		971D13EB242DE2BA00C676F3 /* Debug */ = {
			isa = XCBuildConfiguration;
			buildSettings = {
				ALWAYS_SEARCH_USER_PATHS = NO;
				CLANG_ANALYZER_NONNULL = YES;
				CLANG_ANALYZER_NUMBER_OBJECT_CONVERSION = YES_AGGRESSIVE;
				CLANG_CXX_LANGUAGE_STANDARD = "gnu++14";
				CLANG_CXX_LIBRARY = "libc++";
				CLANG_ENABLE_MODULES = YES;
				CLANG_ENABLE_OBJC_ARC = YES;
				CLANG_ENABLE_OBJC_WEAK = YES;
				CLANG_WARN_BLOCK_CAPTURE_AUTORELEASING = YES;
				CLANG_WARN_BOOL_CONVERSION = YES;
				CLANG_WARN_COMMA = YES;
				CLANG_WARN_CONSTANT_CONVERSION = YES;
				CLANG_WARN_DEPRECATED_OBJC_IMPLEMENTATIONS = YES;
				CLANG_WARN_DIRECT_OBJC_ISA_USAGE = YES_ERROR;
				CLANG_WARN_DOCUMENTATION_COMMENTS = YES;
				CLANG_WARN_EMPTY_BODY = YES;
				CLANG_WARN_ENUM_CONVERSION = YES;
				CLANG_WARN_INFINITE_RECURSION = YES;
				CLANG_WARN_INT_CONVERSION = YES;
				CLANG_WARN_NON_LITERAL_NULL_CONVERSION = YES;
				CLANG_WARN_OBJC_IMPLICIT_RETAIN_SELF = YES;
				CLANG_WARN_OBJC_LITERAL_CONVERSION = YES;
				CLANG_WARN_OBJC_ROOT_CLASS = YES_ERROR;
				CLANG_WARN_RANGE_LOOP_ANALYSIS = YES;
				CLANG_WARN_STRICT_PROTOTYPES = YES;
				CLANG_WARN_SUSPICIOUS_MOVE = YES;
				CLANG_WARN_UNGUARDED_AVAILABILITY = YES_AGGRESSIVE;
				CLANG_WARN_UNREACHABLE_CODE = YES;
				CLANG_WARN__DUPLICATE_METHOD_MATCH = YES;
				COPY_PHASE_STRIP = NO;
				DEBUG_INFORMATION_FORMAT = dwarf;
				ENABLE_STRICT_OBJC_MSGSEND = YES;
				ENABLE_TESTABILITY = YES;
				GCC_C_LANGUAGE_STANDARD = gnu11;
				GCC_DYNAMIC_NO_PIC = NO;
				GCC_NO_COMMON_BLOCKS = YES;
				GCC_OPTIMIZATION_LEVEL = 0;
				GCC_PREPROCESSOR_DEFINITIONS = (
					"DEBUG=1",
					"$(inherited)",
				);
				GCC_WARN_64_TO_32_BIT_CONVERSION = YES;
				GCC_WARN_ABOUT_RETURN_TYPE = YES_ERROR;
				GCC_WARN_UNDECLARED_SELECTOR = YES;
				GCC_WARN_UNINITIALIZED_AUTOS = YES_AGGRESSIVE;
				GCC_WARN_UNUSED_FUNCTION = YES;
				GCC_WARN_UNUSED_VARIABLE = YES;
				IPHONEOS_DEPLOYMENT_TARGET = 13.2;
				MTL_ENABLE_DEBUG_INFO = INCLUDE_SOURCE;
				MTL_FAST_MATH = YES;
				ONLY_ACTIVE_ARCH = YES;
				SDKROOT = iphoneos;
				SWIFT_ACTIVE_COMPILATION_CONDITIONS = DEBUG;
				SWIFT_OPTIMIZATION_LEVEL = "-Onone";
			};
			name = Debug;
		};
		971D13EC242DE2BA00C676F3 /* Release */ = {
			isa = XCBuildConfiguration;
			buildSettings = {
				ALWAYS_SEARCH_USER_PATHS = NO;
				CLANG_ANALYZER_NONNULL = YES;
				CLANG_ANALYZER_NUMBER_OBJECT_CONVERSION = YES_AGGRESSIVE;
				CLANG_CXX_LANGUAGE_STANDARD = "gnu++14";
				CLANG_CXX_LIBRARY = "libc++";
				CLANG_ENABLE_MODULES = YES;
				CLANG_ENABLE_OBJC_ARC = YES;
				CLANG_ENABLE_OBJC_WEAK = YES;
				CLANG_WARN_BLOCK_CAPTURE_AUTORELEASING = YES;
				CLANG_WARN_BOOL_CONVERSION = YES;
				CLANG_WARN_COMMA = YES;
				CLANG_WARN_CONSTANT_CONVERSION = YES;
				CLANG_WARN_DEPRECATED_OBJC_IMPLEMENTATIONS = YES;
				CLANG_WARN_DIRECT_OBJC_ISA_USAGE = YES_ERROR;
				CLANG_WARN_DOCUMENTATION_COMMENTS = YES;
				CLANG_WARN_EMPTY_BODY = YES;
				CLANG_WARN_ENUM_CONVERSION = YES;
				CLANG_WARN_INFINITE_RECURSION = YES;
				CLANG_WARN_INT_CONVERSION = YES;
				CLANG_WARN_NON_LITERAL_NULL_CONVERSION = YES;
				CLANG_WARN_OBJC_IMPLICIT_RETAIN_SELF = YES;
				CLANG_WARN_OBJC_LITERAL_CONVERSION = YES;
				CLANG_WARN_OBJC_ROOT_CLASS = YES_ERROR;
				CLANG_WARN_RANGE_LOOP_ANALYSIS = YES;
				CLANG_WARN_STRICT_PROTOTYPES = YES;
				CLANG_WARN_SUSPICIOUS_MOVE = YES;
				CLANG_WARN_UNGUARDED_AVAILABILITY = YES_AGGRESSIVE;
				CLANG_WARN_UNREACHABLE_CODE = YES;
				CLANG_WARN__DUPLICATE_METHOD_MATCH = YES;
				COPY_PHASE_STRIP = NO;
				DEBUG_INFORMATION_FORMAT = "dwarf-with-dsym";
				ENABLE_NS_ASSERTIONS = NO;
				ENABLE_STRICT_OBJC_MSGSEND = YES;
				GCC_C_LANGUAGE_STANDARD = gnu11;
				GCC_NO_COMMON_BLOCKS = YES;
				GCC_WARN_64_TO_32_BIT_CONVERSION = YES;
				GCC_WARN_ABOUT_RETURN_TYPE = YES_ERROR;
				GCC_WARN_UNDECLARED_SELECTOR = YES;
				GCC_WARN_UNINITIALIZED_AUTOS = YES_AGGRESSIVE;
				GCC_WARN_UNUSED_FUNCTION = YES;
				GCC_WARN_UNUSED_VARIABLE = YES;
				IPHONEOS_DEPLOYMENT_TARGET = 13.2;
				MTL_ENABLE_DEBUG_INFO = NO;
				MTL_FAST_MATH = YES;
				SDKROOT = iphoneos;
				SWIFT_COMPILATION_MODE = wholemodule;
				SWIFT_OPTIMIZATION_LEVEL = "-O";
				VALIDATE_PRODUCT = YES;
			};
			name = Release;
		};
		971D13EE242DE2BA00C676F3 /* Debug */ = {
			isa = XCBuildConfiguration;
			buildSettings = {
				ASSETCATALOG_COMPILER_APPICON_NAME = AppIcon;
				CODE_SIGN_STYLE = Automatic;
				DEVELOPMENT_TEAM = WDRH34Y5Z9;
				INFOPLIST_FILE = JSONapp/Info.plist;
				LD_RUNPATH_SEARCH_PATHS = (
					"$(inherited)",
					"@executable_path/Frameworks",
				);
				PRODUCT_BUNDLE_IDENTIFIER = edu.self.JSONapp;
				PRODUCT_NAME = "$(TARGET_NAME)";
				SWIFT_VERSION = 5.0;
				TARGETED_DEVICE_FAMILY = "1,2";
			};
			name = Debug;
		};
		971D13EF242DE2BA00C676F3 /* Release */ = {
			isa = XCBuildConfiguration;
			buildSettings = {
				ASSETCATALOG_COMPILER_APPICON_NAME = AppIcon;
				CODE_SIGN_STYLE = Automatic;
				DEVELOPMENT_TEAM = WDRH34Y5Z9;
				INFOPLIST_FILE = JSONapp/Info.plist;
				LD_RUNPATH_SEARCH_PATHS = (
					"$(inherited)",
					"@executable_path/Frameworks",
				);
				PRODUCT_BUNDLE_IDENTIFIER = edu.self.JSONapp;
				PRODUCT_NAME = "$(TARGET_NAME)";
				SWIFT_VERSION = 5.0;
				TARGETED_DEVICE_FAMILY = "1,2";
			};
			name = Release;
		};
/* End XCBuildConfiguration section */

/* Begin XCConfigurationList section */
		971D13D4242DE2B800C676F3 /* Build configuration list for PBXProject "JSONapp" */ = {
			isa = XCConfigurationList;
			buildConfigurations = (
				971D13EB242DE2BA00C676F3 /* Debug */,
				971D13EC242DE2BA00C676F3 /* Release */,
			);
			defaultConfigurationIsVisible = 0;
			defaultConfigurationName = Release;
		};
		971D13ED242DE2BA00C676F3 /* Build configuration list for PBXNativeTarget "JSONapp" */ = {
			isa = XCConfigurationList;
			buildConfigurations = (
				971D13EE242DE2BA00C676F3 /* Debug */,
				971D13EF242DE2BA00C676F3 /* Release */,
			);
			defaultConfigurationIsVisible = 0;
			defaultConfigurationName = Release;
		};
/* End XCConfigurationList section */
	};
	rootObject = 971D13D1242DE2B800C676F3 /* Project object */;
}
